
Microsoft Visual Studio Solution File, Format Version 12.00
# Visual Studio Version 16
VisualStudioVersion = 16.0.31605.320
MinimumVisualStudioVersion = 10.0.40219.1
Project("{9A19103F-16F7-4668-BE54-9A1E7A4F7556}") = "ClassGiriş", "ClassGiriş\ClassGiriş.csproj", "{B7272C33-CC5C-433B-95BB-F348337773C8}"
EndProject
Project("{9A19103F-16F7-4668-BE54-9A1E7A4F7556}") = "DegerVeReferansTipler", "DegerVeReferansTipler\DegerVeReferansTipler.csproj", "{D62CEB08-C1A1-4E27-A91E-19DB3A62BC81}"
EndProject
Project("{9A19103F-16F7-4668-BE54-9A1E7A4F7556}") = "Metotlar", "Metotlar\Metotlar.csproj", "{3A4DEB1F-72C7-488A-82D6-8729F73D876E}"
EndProject
Project("{9A19103F-16F7-4668-BE54-9A1E7A4F7556}") = "ClassMetotDemo", "ClassMetotDemo\ClassMetotDemo.csproj", "{325D0A52-2E38-4163-9DCA-41D932CB6449}"
EndProject
Project("{9A19103F-16F7-4668-BE54-9A1E7A4F7556}") = "OOP1", "OOP1\OOP1.csproj", "{141676F7-C5E7-47DC-A83E-01F73D370CD0}"
EndProject
Project("{9A19103F-16F7-4668-BE54-9A1E7A4F7556}") = "Collections", "Collections\Collections.csproj", "{F7576304-72C4-4284-B1E1-E784C8FDCD6D}"
EndProject
Project("{9A19103F-16F7-4668-BE54-9A1E7A4F7556}") = "GenericsIntro", "GenericsIntro\GenericsIntro.csproj", "{B2FCFC1A-8425-4DE3-9F6A-A5EA089ABD64}"
EndProject
Project("{9A19103F-16F7-4668-BE54-9A1E7A4F7556}") = "MyDictionary", "MyDictionary\MyDictionary.csproj", "{BD13BB1E-C9F1-4419-95EC-29C8674BC89E}"
EndProject
Project("{FAE04EC0-301F-11D3-BF4B-00C04F79EFBC}") = "OOP2", "OOP2\OOP2.csproj", "{BA0285B6-ECFB-47C6-AFB0-771D8DD09060}"
EndProject
Project("{FAE04EC0-301F-11D3-BF4B-00C04F79EFBC}") = "OOP3", "OOP3\OOP3.csproj", "{76EB75D1-145E-4527-A596-F4F58331A970}"
EndProject
Global
	GlobalSection(SolutionConfigurationPlatforms) = preSolution
		Debug|Any CPU = Debug|Any CPU
		Release|Any CPU = Release|Any CPU
	EndGlobalSection
	GlobalSection(ProjectConfigurationPlatforms) = postSolution
		{B7272C33-CC5C-433B-95BB-F348337773C8}.Debug|Any CPU.ActiveCfg = Debug|Any CPU
		{B7272C33-CC5C-433B-95BB-F348337773C8}.Debug|Any CPU.Build.0 = Debug|Any CPU
		{B7272C33-CC5C-433B-95BB-F348337773C8}.Release|Any CPU.ActiveCfg = Release|Any CPU
		{B7272C33-CC5C-433B-95BB-F348337773C8}.Release|Any CPU.Build.0 = Release|Any CPU
		{D62CEB08-C1A1-4E27-A91E-19DB3A62BC81}.Debug|Any CPU.ActiveCfg = Debug|Any CPU
		{D62CEB08-C1A1-4E27-A91E-19DB3A62BC81}.Debug|Any CPU.Build.0 = Debug|Any CPU
		{D62CEB08-C1A1-4E27-A91E-19DB3A62BC81}.Release|Any CPU.ActiveCfg = Release|Any CPU
		{D62CEB08-C1A1-4E27-A91E-19DB3A62BC81}.Release|Any CPU.Build.0 = Release|Any CPU
		{3A4DEB1F-72C7-488A-82D6-8729F73D876E}.Debug|Any CPU.ActiveCfg = Debug|Any CPU
		{3A4DEB1F-72C7-488A-82D6-8729F73D876E}.Debug|Any CPU.Build.0 = Debug|Any CPU
		{3A4DEB1F-72C7-488A-82D6-8729F73D876E}.Release|Any CPU.ActiveCfg = Release|Any CPU
		{3A4DEB1F-72C7-488A-82D6-8729F73D876E}.Release|Any CPU.Build.0 = Release|Any CPU
		{325D0A52-2E38-4163-9DCA-41D932CB6449}.Debug|Any CPU.ActiveCfg = Debug|Any CPU
		{325D0A52-2E38-4163-9DCA-41D932CB6449}.Debug|Any CPU.Build.0 = Debug|Any CPU
		{325D0A52-2E38-4163-9DCA-41D932CB6449}.Release|Any CPU.ActiveCfg = Release|Any CPU
		{325D0A52-2E38-4163-9DCA-41D932CB6449}.Release|Any CPU.Build.0 = Release|Any CPU
		{141676F7-C5E7-47DC-A83E-01F73D370CD0}.Debug|Any CPU.ActiveCfg = Debug|Any CPU
		{141676F7-C5E7-47DC-A83E-01F73D370CD0}.Debug|Any CPU.Build.0 = Debug|Any CPU
		{141676F7-C5E7-47DC-A83E-01F73D370CD0}.Release|Any CPU.ActiveCfg = Release|Any CPU
		{141676F7-C5E7-47DC-A83E-01F73D370CD0}.Release|Any CPU.Build.0 = Release|Any CPU
		{F7576304-72C4-4284-B1E1-E784C8FDCD6D}.Debug|Any CPU.ActiveCfg = Debug|Any CPU
		{F7576304-72C4-4284-B1E1-E784C8FDCD6D}.Debug|Any CPU.Build.0 = Debug|Any CPU
		{F7576304-72C4-4284-B1E1-E784C8FDCD6D}.Release|Any CPU.ActiveCfg = Release|Any CPU
		{F7576304-72C4-4284-B1E1-E784C8FDCD6D}.Release|Any CPU.Build.0 = Release|Any CPU
		{B2FCFC1A-8425-4DE3-9F6A-A5EA089ABD64}.Debug|Any CPU.ActiveCfg = Debug|Any CPU
		{B2FCFC1A-8425-4DE3-9F6A-A5EA089ABD64}.Debug|Any CPU.Build.0 = Debug|Any CPU
		{B2FCFC1A-8425-4DE3-9F6A-A5EA089ABD64}.Release|Any CPU.ActiveCfg = Release|Any CPU
		{B2FCFC1A-8425-4DE3-9F6A-A5EA089ABD64}.Release|Any CPU.Build.0 = Release|Any CPU
		{BD13BB1E-C9F1-4419-95EC-29C8674BC89E}.Debug|Any CPU.ActiveCfg = Debug|Any CPU
		{BD13BB1E-C9F1-4419-95EC-29C8674BC89E}.Debug|Any CPU.Build.0 = Debug|Any CPU
		{BD13BB1E-C9F1-4419-95EC-29C8674BC89E}.Release|Any CPU.ActiveCfg = Release|Any CPU
		{BD13BB1E-C9F1-4419-95EC-29C8674BC89E}.Release|Any CPU.Build.0 = Release|Any CPU
		{BA0285B6-ECFB-47C6-AFB0-771D8DD09060}.Debug|Any CPU.ActiveCfg = Debug|Any CPU
		{BA0285B6-ECFB-47C6-AFB0-771D8DD09060}.Debug|Any CPU.Build.0 = Debug|Any CPU
		{BA0285B6-ECFB-47C6-AFB0-771D8DD09060}.Release|Any CPU.ActiveCfg = Release|Any CPU
		{BA0285B6-ECFB-47C6-AFB0-771D8DD09060}.Release|Any CPU.Build.0 = Release|Any CPU
		{76EB75D1-145E-4527-A596-F4F58331A970}.Debug|Any CPU.ActiveCfg = Debug|Any CPU
		{76EB75D1-145E-4527-A596-F4F58331A970}.Debug|Any CPU.Build.0 = Debug|Any CPU
		{76EB75D1-145E-4527-A596-F4F58331A970}.Release|Any CPU.ActiveCfg = Release|Any CPU
		{76EB75D1-145E-4527-A596-F4F58331A970}.Release|Any CPU.Build.0 = Release|Any CPU
	EndGlobalSection
	GlobalSection(SolutionProperties) = preSolution
		HideSolutionNode = FALSE
	EndGlobalSection
	GlobalSection(ExtensibilityGlobals) = postSolution
		SolutionGuid = {C2D3AE00-0A6A-4B9A-A900-E35692466BE9}
	EndGlobalSection
EndGlobal
